// !$*UTF8*$!
{
	archiveVersion = 1;
	classes = {
	};
	objectVersion = 46;
	objects = {

/* Begin PBXBuildFile section */
		AEB326861B3B1121004FC988 /* AppDelegate.swift in Sources */ = {isa = PBXBuildFile; fileRef = AEB326851B3B1121004FC988 /* AppDelegate.swift */; };
		AEB326881B3B1121004FC988 /* ViewController.swift in Sources */ = {isa = PBXBuildFile; fileRef = AEB326871B3B1121004FC988 /* ViewController.swift */; };
		AEB3268B1B3B1121004FC988 /* Main.storyboard in Resources */ = {isa = PBXBuildFile; fileRef = AEB326891B3B1121004FC988 /* Main.storyboard */; };
		AEB3268D1B3B1121004FC988 /* Images.xcassets in Resources */ = {isa = PBXBuildFile; fileRef = AEB3268C1B3B1121004FC988 /* Images.xcassets */; };
		AEB326901B3B1121004FC988 /* LaunchScreen.xib in Resources */ = {isa = PBXBuildFile; fileRef = AEB3268E1B3B1121004FC988 /* LaunchScreen.xib */; };
		AEB3269C1B3B1121004FC988 /* PostcardTests.swift in Sources */ = {isa = PBXBuildFile; fileRef = AEB3269B1B3B1121004FC988 /* PostcardTests.swift */; };
		AEB326A61B3B1795004FC988 /* SagradaFamilia.jpeg in Resources */ = {isa = PBXBuildFile; fileRef = AEB326A51B3B1795004FC988 /* SagradaFamilia.jpeg */; };
		AEB326A81B3B1A07004FC988 /* AlbertEinsteinStamp.jpg in Resources */ = {isa = PBXBuildFile; fileRef = AEB326A71B3B1A07004FC988 /* AlbertEinsteinStamp.jpg */; };
/* End PBXBuildFile section */

/* Begin PBXContainerItemProxy section */
		AEB326961B3B1121004FC988 /* PBXContainerItemProxy */ = {
			isa = PBXContainerItemProxy;
			containerPortal = AEB326781B3B1120004FC988 /* Project object */;
			proxyType = 1;
			remoteGlobalIDString = AEB3267F1B3B1120004FC988;
			remoteInfo = Postcard;
		};
/* End PBXContainerItemProxy section */

/* Begin PBXFileReference section */
		AEB326801B3B1120004FC988 /* Postcard.app */ = {isa = PBXFileReference; explicitFileType = wrapper.application; includeInIndex = 0; path = Postcard.app; sourceTree = BUILT_PRODUCTS_DIR; };
		AEB326841B3B1121004FC988 /* Info.plist */ = {isa = PBXFileReference; lastKnownFileType = text.plist.xml; path = Info.plist; sourceTree = "<group>"; };
		AEB326851B3B1121004FC988 /* AppDelegate.swift */ = {isa = PBXFileReference; lastKnownFileType = sourcecode.swift; path = AppDelegate.swift; sourceTree = "<group>"; };
		AEB326871B3B1121004FC988 /* ViewController.swift */ = {isa = PBXFileReference; lastKnownFileType = sourcecode.swift; path = ViewController.swift; sourceTree = "<group>"; };
		AEB3268A1B3B1121004FC988 /* Base */ = {isa = PBXFileReference; lastKnownFileType = file.storyboard; name = Base; path = Base.lproj/Main.storyboard; sourceTree = "<group>"; };
		AEB3268C1B3B1121004FC988 /* Images.xcassets */ = {isa = PBXFileReference; lastKnownFileType = folder.assetcatalog; path = Images.xcassets; sourceTree = "<group>"; };
		AEB3268F1B3B1121004FC988 /* Base */ = {isa = PBXFileReference; lastKnownFileType = file.xib; name = Base; path = Base.lproj/LaunchScreen.xib; sourceTree = "<group>"; };
		AEB326951B3B1121004FC988 /* PostcardTests.xctest */ = {isa = PBXFileReference; explicitFileType = wrapper.cfbundle; includeInIndex = 0; path = PostcardTests.xctest; sourceTree = BUILT_PRODUCTS_DIR; };
		AEB3269A1B3B1121004FC988 /* Info.plist */ = {isa = PBXFileReference; lastKnownFileType = text.plist.xml; path = Info.plist; sourceTree = "<group>"; };
		AEB3269B1B3B1121004FC988 /* PostcardTests.swift */ = {isa = PBXFileReference; lastKnownFileType = sourcecode.swift; path = PostcardTests.swift; sourceTree = "<group>"; };
		AEB326A51B3B1795004FC988 /* SagradaFamilia.jpeg */ = {isa = PBXFileReference; lastKnownFileType = image.jpeg; path = SagradaFamilia.jpeg; sourceTree = "<group>"; };
		AEB326A71B3B1A07004FC988 /* AlbertEinsteinStamp.jpg */ = {isa = PBXFileReference; lastKnownFileType = image.jpeg; path = AlbertEinsteinStamp.jpg; sourceTree = "<group>"; };
/* End PBXFileReference section */

/* Begin PBXFrameworksBuildPhase section */
		AEB3267D1B3B1120004FC988 /* Frameworks */ = {
			isa = PBXFrameworksBuildPhase;
			buildActionMask = 2147483647;
			files = (
			);
			runOnlyForDeploymentPostprocessing = 0;
		};
		AEB326921B3B1121004FC988 /* Frameworks */ = {
			isa = PBXFrameworksBuildPhase;
			buildActionMask = 2147483647;
			files = (
			);
			runOnlyForDeploymentPostprocessing = 0;
		};
/* End PBXFrameworksBuildPhase section */

/* Begin PBXGroup section */
		AEB326771B3B1120004FC988 = {
			isa = PBXGroup;
			children = (
				AEB326821B3B1120004FC988 /* Postcard */,
				AEB326981B3B1121004FC988 /* PostcardTests */,
				AEB326811B3B1120004FC988 /* Products */,
			);
			sourceTree = "<group>";
		};
		AEB326811B3B1120004FC988 /* Products */ = {
			isa = PBXGroup;
			children = (
				AEB326801B3B1120004FC988 /* Postcard.app */,
				AEB326951B3B1121004FC988 /* PostcardTests.xctest */,
			);
			name = Products;
			sourceTree = "<group>";
		};
		AEB326821B3B1120004FC988 /* Postcard */ = {
			isa = PBXGroup;
			children = (
				AEB326851B3B1121004FC988 /* AppDelegate.swift */,
				AEB326871B3B1121004FC988 /* ViewController.swift */,
				AEB326891B3B1121004FC988 /* Main.storyboard */,
				AEB3268C1B3B1121004FC988 /* Images.xcassets */,
				AEB3268E1B3B1121004FC988 /* LaunchScreen.xib */,
				AEB326831B3B1120004FC988 /* Supporting Files */,
			);
			path = Postcard;
			sourceTree = "<group>";
		};
		AEB326831B3B1120004FC988 /* Supporting Files */ = {
			isa = PBXGroup;
			children = (
				AEB326A71B3B1A07004FC988 /* AlbertEinsteinStamp.jpg */,
				AEB326A51B3B1795004FC988 /* SagradaFamilia.jpeg */,
				AEB326841B3B1121004FC988 /* Info.plist */,
			);
			name = "Supporting Files";
			sourceTree = "<group>";
		};
		AEB326981B3B1121004FC988 /* PostcardTests */ = {
			isa = PBXGroup;
			children = (
				AEB3269B1B3B1121004FC988 /* PostcardTests.swift */,
				AEB326991B3B1121004FC988 /* Supporting Files */,
			);
			path = PostcardTests;
			sourceTree = "<group>";
		};
		AEB326991B3B1121004FC988 /* Supporting Files */ = {
			isa = PBXGroup;
			children = (
				AEB3269A1B3B1121004FC988 /* Info.plist */,
			);
			name = "Supporting Files";
			sourceTree = "<group>";
		};
/* End PBXGroup section */

/* Begin PBXNativeTarget section */
		AEB3267F1B3B1120004FC988 /* Postcard */ = {
			isa = PBXNativeTarget;
			buildConfigurationList = AEB3269F1B3B1121004FC988 /* Build configuration list for PBXNativeTarget "Postcard" */;
			buildPhases = (
				AEB3267C1B3B1120004FC988 /* Sources */,
				AEB3267D1B3B1120004FC988 /* Frameworks */,
				AEB3267E1B3B1120004FC988 /* Resources */,
			);
			buildRules = (
			);
			dependencies = (
			);
			name = Postcard;
			productName = Postcard;
			productReference = AEB326801B3B1120004FC988 /* Postcard.app */;
			productType = "com.apple.product-type.application";
		};
		AEB326941B3B1121004FC988 /* PostcardTests */ = {
			isa = PBXNativeTarget;
			buildConfigurationList = AEB326A21B3B1121004FC988 /* Build configuration list for PBXNativeTarget "PostcardTests" */;
			buildPhases = (
				AEB326911B3B1121004FC988 /* Sources */,
				AEB326921B3B1121004FC988 /* Frameworks */,
				AEB326931B3B1121004FC988 /* Resources */,
			);
			buildRules = (
			);
			dependencies = (
				AEB326971B3B1121004FC988 /* PBXTargetDependency */,
			);
			name = PostcardTests;
			productName = PostcardTests;
			productReference = AEB326951B3B1121004FC988 /* PostcardTests.xctest */;
			productType = "com.apple.product-type.bundle.unit-test";
		};
/* End PBXNativeTarget section */

/* Begin PBXProject section */
		AEB326781B3B1120004FC988 /* Project object */ = {
			isa = PBXProject;
			attributes = {
				LastUpgradeCheck = 0630;
				ORGANIZATIONNAME = "Jason Wheeler";
				TargetAttributes = {
					AEB3267F1B3B1120004FC988 = {
						CreatedOnToolsVersion = 6.3.2;
					};
					AEB326941B3B1121004FC988 = {
						CreatedOnToolsVersion = 6.3.2;
						TestTargetID = AEB3267F1B3B1120004FC988;
					};
				};
			};
			buildConfigurationList = AEB3267B1B3B1120004FC988 /* Build configuration list for PBXProject "Postcard" */;
			compatibilityVersion = "Xcode 3.2";
			developmentRegion = English;
			hasScannedForEncodings = 0;
			knownRegions = (
				en,
				Base,
			);
			mainGroup = AEB326771B3B1120004FC988;
			productRefGroup = AEB326811B3B1120004FC988 /* Products */;
			projectDirPath = "";
			projectRoot = "";
			targets = (
				AEB3267F1B3B1120004FC988 /* Postcard */,
				AEB326941B3B1121004FC988 /* PostcardTests */,
			);
		};
/* End PBXProject section */

/* Begin PBXResourcesBuildPhase section */
		AEB3267E1B3B1120004FC988 /* Resources */ = {
			isa = PBXResourcesBuildPhase;
			buildActionMask = 2147483647;
			files = (
				AEB3268B1B3B1121004FC988 /* Main.storyboard in Resources */,
				AEB326A61B3B1795004FC988 /* SagradaFamilia.jpeg in Resources */,
				AEB326A81B3B1A07004FC988 /* AlbertEinsteinStamp.jpg in Resources */,
				AEB326901B3B1121004FC988 /* LaunchScreen.xib in Resources */,
				AEB3268D1B3B1121004FC988 /* Images.xcassets in Resources */,
			);
			runOnlyForDeploymentPostprocessing = 0;
		};
		AEB326931B3B1121004FC988 /* Resources */ = {
			isa = PBXResourcesBuildPhase;
			buildActionMask = 2147483647;
			files = (
			);
			runOnlyForDeploymentPostprocessing = 0;
		};
/* End PBXResourcesBuildPhase section */

/* Begin PBXSourcesBuildPhase section */
		AEB3267C1B3B1120004FC988 /* Sources */ = {
			isa = PBXSourcesBuildPhase;
			buildActionMask = 2147483647;
			files = (
				AEB326881B3B1121004FC988 /* ViewController.swift in Sources */,
				AEB326861B3B1121004FC988 /* AppDelegate.swift in Sources */,
			);
			runOnlyForDeploymentPostprocessing = 0;
		};
		AEB326911B3B1121004FC988 /* Sources */ = {
			isa = PBXSourcesBuildPhase;
			buildActionMask = 2147483647;
			files = (
				AEB3269C1B3B1121004FC988 /* PostcardTests.swift in Sources */,
			);
			runOnlyForDeploymentPostprocessing = 0;
		};
/* End PBXSourcesBuildPhase section */

/* Begin PBXTargetDependency section */
		AEB326971B3B1121004FC988 /* PBXTargetDependency */ = {
			isa = PBXTargetDependency;
			target = AEB3267F1B3B1120004FC988 /* Postcard */;
			targetProxy = AEB326961B3B1121004FC988 /* PBXContainerItemProxy */;
		};
/* End PBXTargetDependency section */

/* Begin PBXVariantGroup section */
		AEB326891B3B1121004FC988 /* Main.storyboard */ = {
			isa = PBXVariantGroup;
			children = (
				AEB3268A1B3B1121004FC988 /* Base */,
			);
			name = Main.storyboard;
			sourceTree = "<group>";
		};
		AEB3268E1B3B1121004FC988 /* LaunchScreen.xib */ = {
			isa = PBXVariantGroup;
			children = (
				AEB3268F1B3B1121004FC988 /* Base */,
			);
			name = LaunchScreen.xib;
			sourceTree = "<group>";
		};
/* End PBXVariantGroup section */

/* Begin XCBuildConfiguration section */
		AEB3269D1B3B1121004FC988 /* Debug */ = {
			isa = XCBuildConfiguration;
			buildSettings = {
				ALWAYS_SEARCH_USER_PATHS = NO;
				CLANG_CXX_LANGUAGE_STANDARD = "gnu++0x";
				CLANG_CXX_LIBRARY = "libc++";
				CLANG_ENABLE_MODULES = YES;
				CLANG_ENABLE_OBJC_ARC = YES;
				CLANG_WARN_BOOL_CONVERSION = YES;
				CLANG_WARN_CONSTANT_CONVERSION = YES;
				CLANG_WARN_DIRECT_OBJC_ISA_USAGE = YES_ERROR;
				CLANG_WARN_EMPTY_BODY = YES;
				CLANG_WARN_ENUM_CONVERSION = YES;
				CLANG_WARN_INT_CONVERSION = YES;
				CLANG_WARN_OBJC_ROOT_CLASS = YES_ERROR;
				CLANG_WARN_UNREACHABLE_CODE = YES;
				CLANG_WARN__DUPLICATE_METHOD_MATCH = YES;
				"CODE_SIGN_IDENTITY[sdk=iphoneos*]" = "iPhone Developer";
				COPY_PHASE_STRIP = NO;
				DEBUG_INFORMATION_FORMAT = "dwarf-with-dsym";
				ENABLE_STRICT_OBJC_MSGSEND = YES;
				GCC_C_LANGUAGE_STANDARD = gnu99;
				GCC_DYNAMIC_NO_PIC = NO;
				GCC_NO_COMMON_BLOCKS = YES;
				GCC_OPTIMIZATION_LEVEL = 0;
				GCC_PREPROCESSOR_DEFINITIONS = (
					"DEBUG=1",
					"$(inherited)",
				);
				GCC_SYMBOLS_PRIVATE_EXTERN = NO;
				GCC_WARN_64_TO_32_BIT_CONVERSION = YES;
				GCC_WARN_ABOUT_RETURN_TYPE = YES_ERROR;
				GCC_WARN_UNDECLARED_SELECTOR = YES;
				GCC_WARN_UNINITIALIZED_AUTOS = YES_AGGRESSIVE;
				GCC_WARN_UNUSED_FUNCTION = YES;
				GCC_WARN_UNUSED_VARIABLE = YES;
				IPHONEOS_DEPLOYMENT_TARGET = 8.3;
				MTL_ENABLE_DEBUG_INFO = YES;
				ONLY_ACTIVE_ARCH = YES;
				SDKROOT = iphoneos;
				SWIFT_OPTIMIZATION_LEVEL = "-Onone";
				TARGETED_DEVICE_FAMILY = "1,2";
			};
			name = Debug;
		};
		AEB3269E1B3B1121004FC988 /* Release */ = {
			isa = XCBuildConfiguration;
			buildSettings = {
				ALWAYS_SEARCH_USER_PATHS = NO;
				CLANG_CXX_LANGUAGE_STANDARD = "gnu++0x";
				CLANG_CXX_LIBRARY = "libc++";
				CLANG_ENABLE_MODULES = YES;
				CLANG_ENABLE_OBJC_ARC = YES;
				CLANG_WARN_BOOL_CONVERSION = YES;
				CLANG_WARN_CONSTANT_CONVERSION = YES;
				CLANG_WARN_DIRECT_OBJC_ISA_USAGE = YES_ERROR;
				CLANG_WARN_EMPTY_BODY = YES;
				CLANG_WARN_ENUM_CONVERSION = YES;
				CLANG_WARN_INT_CONVERSION = YES;
				CLANG_WARN_OBJC_ROOT_CLASS = YES_ERROR;
				CLANG_WARN_UNREACHABLE_CODE = YES;
				CLANG_WARN__DUPLICATE_METHOD_MATCH = YES;
				"CODE_SIGN_IDENTITY[sdk=iphoneos*]" = "iPhone Developer";
				COPY_PHASE_STRIP = NO;
				DEBUG_INFORMATION_FORMAT = "dwarf-with-dsym";
				ENABLE_NS_ASSERTIONS = NO;
				ENABLE_STRICT_OBJC_MSGSEND = YES;
				GCC_C_LANGUAGE_STANDARD = gnu99;
				GCC_NO_COMMON_BLOCKS = YES;
				GCC_WARN_64_TO_32_BIT_CONVERSION = YES;
				GCC_WARN_ABOUT_RETURN_TYPE = YES_ERROR;
				GCC_WARN_UNDECLARED_SELECTOR = YES;
				GCC_WARN_UNINITIALIZED_AUTOS = YES_AGGRESSIVE;
				GCC_WARN_UNUSED_FUNCTION = YES;
				GCC_WARN_UNUSED_VARIABLE = YES;
				IPHONEOS_DEPLOYMENT_TARGET = 8.3;
				MTL_ENABLE_DEBUG_INFO = NO;
				SDKROOT = iphoneos;
				TARGETED_DEVICE_FAMILY = "1,2";
				VALIDATE_PRODUCT = YES;
			};
			name = Release;
		};
		AEB326A01B3B1121004FC988 /* Debug */ = {
			isa = XCBuildConfiguration;
			buildSettings = {
				ASSETCATALOG_COMPILER_APPICON_NAME = AppIcon;
				INFOPLIST_FILE = Postcard/Info.plist;
				LD_RUNPATH_SEARCH_PATHS = "$(inherited) @executable_path/Frameworks";
				PRODUCT_NAME = "$(TARGET_NAME)";
			};
			name = Debug;
		};
		AEB326A11B3B1121004FC988 /* Release */ = {
			isa = XCBuildConfiguration;
			buildSettings = {
				ASSETCATALOG_COMPILER_APPICON_NAME = AppIcon;
				INFOPLIST_FILE = Postcard/Info.plist;
				LD_RUNPATH_SEARCH_PATHS = "$(inherited) @executable_path/Frameworks";
				PRODUCT_NAME = "$(TARGET_NAME)";
			};
			name = Release;
		};
		AEB326A31B3B1121004FC988 /* Debug */ = {
			isa = XCBuildConfiguration;
			buildSettings = {
				BUNDLE_LOADER = "$(TEST_HOST)";
				FRAMEWORK_SEARCH_PATHS = (
					"$(SDKROOT)/Developer/Library/Frameworks",
					"$(inherited)",
				);
				GCC_PREPROCESSOR_DEFINITIONS = (
					"DEBUG=1",
					"$(inherited)",
				);
				INFOPLIST_FILE = PostcardTests/Info.plist;
				LD_RUNPATH_SEARCH_PATHS = "$(inherited) @executable_path/Frameworks @loader_path/Frameworks";
				PRODUCT_NAME = "$(TARGET_NAME)";
				TEST_HOST = "$(BUILT_PRODUCTS_DIR)/Postcard.app/Postcard";
			};
			name = Debug;
		};
		AEB326A41B3B1121004FC988 /* Release */ = {
			isa = XCBuildConfiguration;
			buildSettings = {
				BUNDLE_LOADER = "$(TEST_HOST)";
				FRAMEWORK_SEARCH_PATHS = (
					"$(SDKROOT)/Developer/Library/Frameworks",
					"$(inherited)",
				);
				INFOPLIST_FILE = PostcardTests/Info.plist;
				LD_RUNPATH_SEARCH_PATHS = "$(inherited) @executable_path/Frameworks @loader_path/Frameworks";
				PRODUCT_NAME = "$(TARGET_NAME)";
				TEST_HOST = "$(BUILT_PRODUCTS_DIR)/Postcard.app/Postcard";
			};
			name = Release;
		};
/* End XCBuildConfiguration section */

/* Begin XCConfigurationList section */
		AEB3267B1B3B1120004FC988 /* Build configuration list for PBXProject "Postcard" */ = {
			isa = XCConfigurationList;
			buildConfigurations = (
				AEB3269D1B3B1121004FC988 /* Debug */,
				AEB3269E1B3B1121004FC988 /* Release */,
			);
			defaultConfigurationIsVisible = 0;
			defaultConfigurationName = Release;
		};
		AEB3269F1B3B1121004FC988 /* Build configuration list for PBXNativeTarget "Postcard" */ = {
			isa = XCConfigurationList;
			buildConfigurations = (
				AEB326A01B3B1121004FC988 /* Debug */,
				AEB326A11B3B1121004FC988 /* Release */,
			);
			defaultConfigurationIsVisible = 0;
		};
		AEB326A21B3B1121004FC988 /* Build configuration list for PBXNativeTarget "PostcardTests" */ = {
			isa = XCConfigurationList;
			buildConfigurations = (
				AEB326A31B3B1121004FC988 /* Debug */,
				AEB326A41B3B1121004FC988 /* Release */,
			);
			defaultConfigurationIsVisible = 0;
		};
/* End XCConfigurationList section */
	};
	rootObject = AEB326781B3B1120004FC988 /* Project object */;
}
